
Microsoft Visual Studio Solution File, Format Version 12.00
# Visual Studio Version 16
VisualStudioVersion = 16.0.29230.47
MinimumVisualStudioVersion = 10.0.40219.1
Project("{9A19103F-16F7-4668-BE54-9A1E7A4F7556}") = "Moneyger", "Moneyger\Moneyger.csproj", "{633F640E-457F-4962-A2B4-78E90CDC454E}"
EndProject
Project("{FAE04EC0-301F-11D3-BF4B-00C04F79EFBC}") = "Moneyger.DataInit", "Moneyger.DataInit\Moneyger.DataInit.csproj", "{51D16F23-67BD-4294-BBB5-51E05FD12D40}"
EndProject
Global
	GlobalSection(SolutionConfigurationPlatforms) = preSolution
		Debug|Any CPU = Debug|Any CPU
		Release|Any CPU = Release|Any CPU
	EndGlobalSection
	GlobalSection(ProjectConfigurationPlatforms) = postSolution
		{633F640E-457F-4962-A2B4-78E90CDC454E}.Debug|Any CPU.ActiveCfg = Debug|Any CPU
		{633F640E-457F-4962-A2B4-78E90CDC454E}.Debug|Any CPU.Build.0 = Debug|Any CPU
		{633F640E-457F-4962-A2B4-78E90CDC454E}.Release|Any CPU.ActiveCfg = Release|Any CPU
		{633F640E-457F-4962-A2B4-78E90CDC454E}.Release|Any CPU.Build.0 = Release|Any CPU
		{51D16F23-67BD-4294-BBB5-51E05FD12D40}.Debug|Any CPU.ActiveCfg = Debug|Any CPU
		{51D16F23-67BD-4294-BBB5-51E05FD12D40}.Debug|Any CPU.Build.0 = Debug|Any CPU
		{51D16F23-67BD-4294-BBB5-51E05FD12D40}.Release|Any CPU.ActiveCfg = Release|Any CPU
		{51D16F23-67BD-4294-BBB5-51E05FD12D40}.Release|Any CPU.Build.0 = Release|Any CPU
	EndGlobalSection
	GlobalSection(SolutionProperties) = preSolution
		HideSolutionNode = FALSE
	EndGlobalSection
	GlobalSection(ExtensibilityGlobals) = postSolution
		SolutionGuid = {46879A11-E8B5-4653-B1AD-C21B3FABCF4C}
	EndGlobalSection
EndGlobal
